version = 1
revision = 1
requires-python = ">=3.12"

[[package]]
name = "basedpyright"
version = "1.27.1"
source = { registry = "https://pypi.org/simple" }
dependencies = [
    { name = "nodejs-wheel-binaries" },
]
sdist = { url = "https://files.pythonhosted.org/packages/c6/62/c70698c616854639c23e7462276789dc6f42040f6abca39eb71cdcee9374/basedpyright-1.27.1.tar.gz", hash = "sha256:ddbe226c154c973a954626ce9ecb3b3a59df9d68bbab0e3f82a6c2c7b29616df", size = 21418646 }
wheels = [
    { url = "https://files.pythonhosted.org/packages/50/d1/bb5ea12225b1104d7b24e4c9d6a02298d1ed2352a7e5a80bc62e7d56b177/basedpyright-1.27.1-py3-none-any.whl", hash = "sha256:9f3647c1c8a0fc3d0a08b2156768ff717322f1e78d1b45686597093824a8f0d3", size = 11462483 },
]

[[package]]
name = "fa"
version = "0.1.0"
source = { virtual = "." }

[package.dev-dependencies]
dev = [
    { name = "basedpyright" },
]

[package.metadata]

[package.metadata.requires-dev]
dev = [{ name = "basedpyright", specifier = "==1.27.1" }]

[[package]]
name = "nodejs-wheel-binaries"
version = "22.14.0"
source = { registry = "https://pypi.org/simple" }
sdist = { url = "https://files.pythonhosted.org/packages/d7/c7/4fd3871d2b7fd5122216245e273201ab98eda92bbd6fe9ad04846b758c56/nodejs_wheel_binaries-22.14.0.tar.gz", hash = "sha256:c1dc43713598c7310d53795c764beead861b8c5021fe4b1366cb912ce1a4c8bf", size = 8055 }
wheels = [
    { url = "https://files.pythonhosted.org/packages/61/b6/66ef4ef75ea7389ea788f2d5505bf9a8e5c3806d56c7a90cf46a6942f1cf/nodejs_wheel_binaries-22.14.0-py2.py3-none-macosx_11_0_arm64.whl", hash = "sha256:d8ab8690516a3e98458041286e3f0d6458de176d15c14f205c3ea2972131420d", size = 50326597 },
    { url = "https://files.pythonhosted.org/packages/7d/78/023d91a293ba73572a643bc89d11620d189f35f205a309dd8296aa45e69a/nodejs_wheel_binaries-22.14.0-py2.py3-none-macosx_11_0_x86_64.whl", hash = "sha256:b2f200f23b3610bdbee01cf136279e005ffdf8ee74557aa46c0940a7867956f6", size = 51158258 },
    { url = "https://files.pythonhosted.org/packages/af/86/324f6342c79e5034a13319b02ba9ed1f4ac8813af567d223c9a9e56cd338/nodejs_wheel_binaries-22.14.0-py2.py3-none-manylinux_2_17_aarch64.manylinux2014_aarch64.whl", hash = "sha256:d0877832abd7a9c75c8c5caafa37f986c9341ee025043c2771213d70c4c1defa", size = 57180264 },
    { url = "https://files.pythonhosted.org/packages/6d/9f/42bdaab26137e31732bff00147b9aca2185d475b5752b57a443e6c7ba93f/nodejs_wheel_binaries-22.14.0-py2.py3-none-manylinux_2_17_x86_64.manylinux2014_x86_64.whl", hash = "sha256:8fded5a70a8a55c2135e67bd580d8b7f2e94fcbafcc679b6a2d5b92f88373d69", size = 57693251 },
    { url = "https://files.pythonhosted.org/packages/ab/d7/94f8f269aa86cf35f9ed2b70d09aca48dc971fb5656fdc4a3b69364b189f/nodejs_wheel_binaries-22.14.0-py2.py3-none-musllinux_1_2_aarch64.whl", hash = "sha256:c1ade6f3ece458b40c02e89c91d5103792a9f18aaad5026da533eb0dcb87090e", size = 58841717 },
    { url = "https://files.pythonhosted.org/packages/2d/a0/43b7316eaf22b4ee9bfb897ee36c724efceac7b89d7d1bedca28057b7be1/nodejs_wheel_binaries-22.14.0-py2.py3-none-musllinux_1_2_x86_64.whl", hash = "sha256:34fa5ed4cf3f65cbfbe9b45c407ffc2fc7d97a06cd8993e6162191ff81f29f48", size = 59808791 },
    { url = "https://files.pythonhosted.org/packages/10/0a/814491f751a25136e37de68a2728c9a9e3c1d20494aba5ff3c230d5f9c2d/nodejs_wheel_binaries-22.14.0-py2.py3-none-win_amd64.whl", hash = "sha256:ca7023276327455988b81390fa6bbfa5191c1da7fc45bc57c7abc281ba9967e9", size = 40478921 },
    { url = "https://files.pythonhosted.org/packages/f4/5c/cab444afaa387dceac8debb817b52fd00596efcd2d54506c27311c6fe6a8/nodejs_wheel_binaries-22.14.0-py2.py3-none-win_arm64.whl", hash = "sha256:fd59c8e9a202221e316febe1624a1ae3b42775b7fb27737bf12ec79565983eaf", size = 36206637 },
]
